
Microsoft Visual Studio Solution File, Format Version 11.00
# Visual C# Express 2010
Project("{FAE04EC0-301F-11D3-BF4B-00C04F79EFBC}") = "Chapter1Lesson1Lab1", "Chapter1Lesson1Lab1\Chapter1Lesson1Lab1.csproj", "{5144C72A-7B0F-4C31-AA17-599F358F4C34}"
EndProject
Global
	GlobalSection(SolutionConfigurationPlatforms) = preSolution
		Debug|x86 = Debug|x86
		Release|x86 = Release|x86
	EndGlobalSection
	GlobalSection(ProjectConfigurationPlatforms) = postSolution
		{5144C72A-7B0F-4C31-AA17-599F358F4C34}.Debug|x86.ActiveCfg = Debug|x86
		{5144C72A-7B0F-4C31-AA17-599F358F4C34}.Debug|x86.Build.0 = Debug|x86
		{5144C72A-7B0F-4C31-AA17-599F358F4C34}.Release|x86.ActiveCfg = Release|x86
		{5144C72A-7B0F-4C31-AA17-599F358F4C34}.Release|x86.Build.0 = Release|x86
	EndGlobalSection
	GlobalSection(SolutionProperties) = preSolution
		HideSolutionNode = FALSE
	EndGlobalSection
EndGlobal
